// !$*UTF8*$!
{
	archiveVersion = 1;
	classes = {
	};
	objectVersion = 46;
	objects = {

/* Begin PBXBuildFile section */
		67A120161C3F59A80035CFCD /* main.m in Sources */ = {isa = PBXBuildFile; fileRef = 67A120151C3F59A80035CFCD /* main.m */; };
		67A120191C3F59A80035CFCD /* AppDelegate.m in Sources */ = {isa = PBXBuildFile; fileRef = 67A120181C3F59A80035CFCD /* AppDelegate.m */; };
		67A1201C1C3F59A80035CFCD /* ViewController.m in Sources */ = {isa = PBXBuildFile; fileRef = 67A1201B1C3F59A80035CFCD /* ViewController.m */; };
		67A1201F1C3F59A80035CFCD /* Main.storyboard in Resources */ = {isa = PBXBuildFile; fileRef = 67A1201D1C3F59A80035CFCD /* Main.storyboard */; };
		67A120211C3F59A80035CFCD /* Assets.xcassets in Resources */ = {isa = PBXBuildFile; fileRef = 67A120201C3F59A80035CFCD /* Assets.xcassets */; };
		67A120241C3F59A80035CFCD /* LaunchScreen.storyboard in Resources */ = {isa = PBXBuildFile; fileRef = 67A120221C3F59A80035CFCD /* LaunchScreen.storyboard */; };
		67A1202F1C3F59A80035CFCD /* ZHQDemoTests.m in Sources */ = {isa = PBXBuildFile; fileRef = 67A1202E1C3F59A80035CFCD /* ZHQDemoTests.m */; };
		67A1203A1C3F59A80035CFCD /* ZHQDemoUITests.m in Sources */ = {isa = PBXBuildFile; fileRef = 67A120391C3F59A80035CFCD /* ZHQDemoUITests.m */; };
/* End PBXBuildFile section */

/* Begin PBXContainerItemProxy section */
		67A1202B1C3F59A80035CFCD /* PBXContainerItemProxy */ = {
			isa = PBXContainerItemProxy;
			containerPortal = 67A120091C3F59A80035CFCD /* Project object */;
			proxyType = 1;
			remoteGlobalIDString = 67A120101C3F59A80035CFCD;
			remoteInfo = ZHQDemo;
		};
		67A120361C3F59A80035CFCD /* PBXContainerItemProxy */ = {
			isa = PBXContainerItemProxy;
			containerPortal = 67A120091C3F59A80035CFCD /* Project object */;
			proxyType = 1;
			remoteGlobalIDString = 67A120101C3F59A80035CFCD;
			remoteInfo = ZHQDemo;
		};
/* End PBXContainerItemProxy section */

/* Begin PBXFileReference section */
		67A120111C3F59A80035CFCD /* ZHQDemo.app */ = {isa = PBXFileReference; explicitFileType = wrapper.application; includeInIndex = 0; path = ZHQDemo.app; sourceTree = BUILT_PRODUCTS_DIR; };
		67A120151C3F59A80035CFCD /* main.m */ = {isa = PBXFileReference; lastKnownFileType = sourcecode.c.objc; path = main.m; sourceTree = "<group>"; };
		67A120171C3F59A80035CFCD /* AppDelegate.h */ = {isa = PBXFileReference; lastKnownFileType = sourcecode.c.h; path = AppDelegate.h; sourceTree = "<group>"; };
		67A120181C3F59A80035CFCD /* AppDelegate.m */ = {isa = PBXFileReference; lastKnownFileType = sourcecode.c.objc; path = AppDelegate.m; sourceTree = "<group>"; };
		67A1201A1C3F59A80035CFCD /* ViewController.h */ = {isa = PBXFileReference; lastKnownFileType = sourcecode.c.h; path = ViewController.h; sourceTree = "<group>"; };
		67A1201B1C3F59A80035CFCD /* ViewController.m */ = {isa = PBXFileReference; lastKnownFileType = sourcecode.c.objc; path = ViewController.m; sourceTree = "<group>"; };
		67A1201E1C3F59A80035CFCD /* Base */ = {isa = PBXFileReference; lastKnownFileType = file.storyboard; name = Base; path = Base.lproj/Main.storyboard; sourceTree = "<group>"; };
		67A120201C3F59A80035CFCD /* Assets.xcassets */ = {isa = PBXFileReference; lastKnownFileType = folder.assetcatalog; path = Assets.xcassets; sourceTree = "<group>"; };
		67A120231C3F59A80035CFCD /* Base */ = {isa = PBXFileReference; lastKnownFileType = file.storyboard; name = Base; path = Base.lproj/LaunchScreen.storyboard; sourceTree = "<group>"; };
		67A120251C3F59A80035CFCD /* Info.plist */ = {isa = PBXFileReference; lastKnownFileType = text.plist.xml; path = Info.plist; sourceTree = "<group>"; };
		67A1202A1C3F59A80035CFCD /* ZHQDemoTests.xctest */ = {isa = PBXFileReference; explicitFileType = wrapper.cfbundle; includeInIndex = 0; path = ZHQDemoTests.xctest; sourceTree = BUILT_PRODUCTS_DIR; };
		67A1202E1C3F59A80035CFCD /* ZHQDemoTests.m */ = {isa = PBXFileReference; lastKnownFileType = sourcecode.c.objc; path = ZHQDemoTests.m; sourceTree = "<group>"; };
		67A120301C3F59A80035CFCD /* Info.plist */ = {isa = PBXFileReference; lastKnownFileType = text.plist.xml; path = Info.plist; sourceTree = "<group>"; };
		67A120351C3F59A80035CFCD /* ZHQDemoUITests.xctest */ = {isa = PBXFileReference; explicitFileType = wrapper.cfbundle; includeInIndex = 0; path = ZHQDemoUITests.xctest; sourceTree = BUILT_PRODUCTS_DIR; };
		67A120391C3F59A80035CFCD /* ZHQDemoUITests.m */ = {isa = PBXFileReference; lastKnownFileType = sourcecode.c.objc; path = ZHQDemoUITests.m; sourceTree = "<group>"; };
		67A1203B1C3F59A80035CFCD /* Info.plist */ = {isa = PBXFileReference; lastKnownFileType = text.plist.xml; path = Info.plist; sourceTree = "<group>"; };
/* End PBXFileReference section */

/* Begin PBXFrameworksBuildPhase section */
		67A1200E1C3F59A80035CFCD /* Frameworks */ = {
			isa = PBXFrameworksBuildPhase;
			buildActionMask = 2147483647;
			files = (
			);
			runOnlyForDeploymentPostprocessing = 0;
		};
		67A120271C3F59A80035CFCD /* Frameworks */ = {
			isa = PBXFrameworksBuildPhase;
			buildActionMask = 2147483647;
			files = (
			);
			runOnlyForDeploymentPostprocessing = 0;
		};
		67A120321C3F59A80035CFCD /* Frameworks */ = {
			isa = PBXFrameworksBuildPhase;
			buildActionMask = 2147483647;
			files = (
			);
			runOnlyForDeploymentPostprocessing = 0;
		};
/* End PBXFrameworksBuildPhase section */

/* Begin PBXGroup section */
		67A120081C3F59A80035CFCD = {
			isa = PBXGroup;
			children = (
				67A120131C3F59A80035CFCD /* ZHQDemo */,
				67A1202D1C3F59A80035CFCD /* ZHQDemoTests */,
				67A120381C3F59A80035CFCD /* ZHQDemoUITests */,
				67A120121C3F59A80035CFCD /* Products */,
			);
			sourceTree = "<group>";
		};
		67A120121C3F59A80035CFCD /* Products */ = {
			isa = PBXGroup;
			children = (
				67A120111C3F59A80035CFCD /* ZHQDemo.app */,
				67A1202A1C3F59A80035CFCD /* ZHQDemoTests.xctest */,
				67A120351C3F59A80035CFCD /* ZHQDemoUITests.xctest */,
			);
			name = Products;
			sourceTree = "<group>";
		};
		67A120131C3F59A80035CFCD /* ZHQDemo */ = {
			isa = PBXGroup;
			children = (
				67A120171C3F59A80035CFCD /* AppDelegate.h */,
				67A120181C3F59A80035CFCD /* AppDelegate.m */,
				67A1201A1C3F59A80035CFCD /* ViewController.h */,
				67A1201B1C3F59A80035CFCD /* ViewController.m */,
				67A1201D1C3F59A80035CFCD /* Main.storyboard */,
				67A120201C3F59A80035CFCD /* Assets.xcassets */,
				67A120221C3F59A80035CFCD /* LaunchScreen.storyboard */,
				67A120251C3F59A80035CFCD /* Info.plist */,
				67A120141C3F59A80035CFCD /* Supporting Files */,
			);
			path = ZHQDemo;
			sourceTree = "<group>";
		};
		67A120141C3F59A80035CFCD /* Supporting Files */ = {
			isa = PBXGroup;
			children = (
				67A120151C3F59A80035CFCD /* main.m */,
			);
			name = "Supporting Files";
			sourceTree = "<group>";
		};
		67A1202D1C3F59A80035CFCD /* ZHQDemoTests */ = {
			isa = PBXGroup;
			children = (
				67A1202E1C3F59A80035CFCD /* ZHQDemoTests.m */,
				67A120301C3F59A80035CFCD /* Info.plist */,
			);
			path = ZHQDemoTests;
			sourceTree = "<group>";
		};
		67A120381C3F59A80035CFCD /* ZHQDemoUITests */ = {
			isa = PBXGroup;
			children = (
				67A120391C3F59A80035CFCD /* ZHQDemoUITests.m */,
				67A1203B1C3F59A80035CFCD /* Info.plist */,
			);
			path = ZHQDemoUITests;
			sourceTree = "<group>";
		};
/* End PBXGroup section */

/* Begin PBXNativeTarget section */
		67A120101C3F59A80035CFCD /* ZHQDemo */ = {
			isa = PBXNativeTarget;
			buildConfigurationList = 67A1203E1C3F59A80035CFCD /* Build configuration list for PBXNativeTarget "ZHQDemo" */;
			buildPhases = (
				67A1200D1C3F59A80035CFCD /* Sources */,
				67A1200E1C3F59A80035CFCD /* Frameworks */,
				67A1200F1C3F59A80035CFCD /* Resources */,
			);
			buildRules = (
			);
			dependencies = (
			);
			name = ZHQDemo;
			productName = ZHQDemo;
			productReference = 67A120111C3F59A80035CFCD /* ZHQDemo.app */;
			productType = "com.apple.product-type.application";
		};
		67A120291C3F59A80035CFCD /* ZHQDemoTests */ = {
			isa = PBXNativeTarget;
			buildConfigurationList = 67A120411C3F59A80035CFCD /* Build configuration list for PBXNativeTarget "ZHQDemoTests" */;
			buildPhases = (
				67A120261C3F59A80035CFCD /* Sources */,
				67A120271C3F59A80035CFCD /* Frameworks */,
				67A120281C3F59A80035CFCD /* Resources */,
			);
			buildRules = (
			);
			dependencies = (
				67A1202C1C3F59A80035CFCD /* PBXTargetDependency */,
			);
			name = ZHQDemoTests;
			productName = ZHQDemoTests;
			productReference = 67A1202A1C3F59A80035CFCD /* ZHQDemoTests.xctest */;
			productType = "com.apple.product-type.bundle.unit-test";
		};
		67A120341C3F59A80035CFCD /* ZHQDemoUITests */ = {
			isa = PBXNativeTarget;
			buildConfigurationList = 67A120441C3F59A80035CFCD /* Build configuration list for PBXNativeTarget "ZHQDemoUITests" */;
			buildPhases = (
				67A120311C3F59A80035CFCD /* Sources */,
				67A120321C3F59A80035CFCD /* Frameworks */,
				67A120331C3F59A80035CFCD /* Resources */,
			);
			buildRules = (
			);
			dependencies = (
				67A120371C3F59A80035CFCD /* PBXTargetDependency */,
			);
			name = ZHQDemoUITests;
			productName = ZHQDemoUITests;
			productReference = 67A120351C3F59A80035CFCD /* ZHQDemoUITests.xctest */;
			productType = "com.apple.product-type.bundle.ui-testing";
		};
/* End PBXNativeTarget section */

/* Begin PBXProject section */
		67A120091C3F59A80035CFCD /* Project object */ = {
			isa = PBXProject;
			attributes = {
				LastUpgradeCheck = 0720;
				ORGANIZATIONNAME = NavchinaMacBook;
				TargetAttributes = {
					67A120101C3F59A80035CFCD = {
						CreatedOnToolsVersion = 7.2;
					};
					67A120291C3F59A80035CFCD = {
						CreatedOnToolsVersion = 7.2;
						TestTargetID = 67A120101C3F59A80035CFCD;
					};
					67A120341C3F59A80035CFCD = {
						CreatedOnToolsVersion = 7.2;
						TestTargetID = 67A120101C3F59A80035CFCD;
					};
				};
			};
			buildConfigurationList = 67A1200C1C3F59A80035CFCD /* Build configuration list for PBXProject "ZHQDemo" */;
			compatibilityVersion = "Xcode 3.2";
			developmentRegion = English;
			hasScannedForEncodings = 0;
			knownRegions = (
				en,
				Base,
			);
			mainGroup = 67A120081C3F59A80035CFCD;
			productRefGroup = 67A120121C3F59A80035CFCD /* Products */;
			projectDirPath = "";
			projectRoot = "";
			targets = (
				67A120101C3F59A80035CFCD /* ZHQDemo */,
				67A120291C3F59A80035CFCD /* ZHQDemoTests */,
				67A120341C3F59A80035CFCD /* ZHQDemoUITests */,
			);
		};
/* End PBXProject section */

/* Begin PBXResourcesBuildPhase section */
		67A1200F1C3F59A80035CFCD /* Resources */ = {
			isa = PBXResourcesBuildPhase;
			buildActionMask = 2147483647;
			files = (
				67A120241C3F59A80035CFCD /* LaunchScreen.storyboard in Resources */,
				67A120211C3F59A80035CFCD /* Assets.xcassets in Resources */,
				67A1201F1C3F59A80035CFCD /* Main.storyboard in Resources */,
			);
			runOnlyForDeploymentPostprocessing = 0;
		};
		67A120281C3F59A80035CFCD /* Resources */ = {
			isa = PBXResourcesBuildPhase;
			buildActionMask = 2147483647;
			files = (
			);
			runOnlyForDeploymentPostprocessing = 0;
		};
		67A120331C3F59A80035CFCD /* Resources */ = {
			isa = PBXResourcesBuildPhase;
			buildActionMask = 2147483647;
			files = (
			);
			runOnlyForDeploymentPostprocessing = 0;
		};
/* End PBXResourcesBuildPhase section */

/* Begin PBXSourcesBuildPhase section */
		67A1200D1C3F59A80035CFCD /* Sources */ = {
			isa = PBXSourcesBuildPhase;
			buildActionMask = 2147483647;
			files = (
				67A1201C1C3F59A80035CFCD /* ViewController.m in Sources */,
				67A120191C3F59A80035CFCD /* AppDelegate.m in Sources */,
				67A120161C3F59A80035CFCD /* main.m in Sources */,
			);
			runOnlyForDeploymentPostprocessing = 0;
		};
		67A120261C3F59A80035CFCD /* Sources */ = {
			isa = PBXSourcesBuildPhase;
			buildActionMask = 2147483647;
			files = (
				67A1202F1C3F59A80035CFCD /* ZHQDemoTests.m in Sources */,
			);
			runOnlyForDeploymentPostprocessing = 0;
		};
		67A120311C3F59A80035CFCD /* Sources */ = {
			isa = PBXSourcesBuildPhase;
			buildActionMask = 2147483647;
			files = (
				67A1203A1C3F59A80035CFCD /* ZHQDemoUITests.m in Sources */,
			);
			runOnlyForDeploymentPostprocessing = 0;
		};
/* End PBXSourcesBuildPhase section */

/* Begin PBXTargetDependency section */
		67A1202C1C3F59A80035CFCD /* PBXTargetDependency */ = {
			isa = PBXTargetDependency;
			target = 67A120101C3F59A80035CFCD /* ZHQDemo */;
			targetProxy = 67A1202B1C3F59A80035CFCD /* PBXContainerItemProxy */;
		};
		67A120371C3F59A80035CFCD /* PBXTargetDependency */ = {
			isa = PBXTargetDependency;
			target = 67A120101C3F59A80035CFCD /* ZHQDemo */;
			targetProxy = 67A120361C3F59A80035CFCD /* PBXContainerItemProxy */;
		};
/* End PBXTargetDependency section */

/* Begin PBXVariantGroup section */
		67A1201D1C3F59A80035CFCD /* Main.storyboard */ = {
			isa = PBXVariantGroup;
			children = (
				67A1201E1C3F59A80035CFCD /* Base */,
			);
			name = Main.storyboard;
			sourceTree = "<group>";
		};
		67A120221C3F59A80035CFCD /* LaunchScreen.storyboard */ = {
			isa = PBXVariantGroup;
			children = (
				67A120231C3F59A80035CFCD /* Base */,
			);
			name = LaunchScreen.storyboard;
			sourceTree = "<group>";
		};
/* End PBXVariantGroup section */

/* Begin XCBuildConfiguration section */
		67A1203C1C3F59A80035CFCD /* Debug */ = {
			isa = XCBuildConfiguration;
			buildSettings = {
				ALWAYS_SEARCH_USER_PATHS = NO;
				CLANG_CXX_LANGUAGE_STANDARD = "gnu++0x";
				CLANG_CXX_LIBRARY = "libc++";
				CLANG_ENABLE_MODULES = YES;
				CLANG_ENABLE_OBJC_ARC = YES;
				CLANG_WARN_BOOL_CONVERSION = YES;
				CLANG_WARN_CONSTANT_CONVERSION = YES;
				CLANG_WARN_DIRECT_OBJC_ISA_USAGE = YES_ERROR;
				CLANG_WARN_EMPTY_BODY = YES;
				CLANG_WARN_ENUM_CONVERSION = YES;
				CLANG_WARN_INT_CONVERSION = YES;
				CLANG_WARN_OBJC_ROOT_CLASS = YES_ERROR;
				CLANG_WARN_UNREACHABLE_CODE = YES;
				CLANG_WARN__DUPLICATE_METHOD_MATCH = YES;
				"CODE_SIGN_IDENTITY[sdk=iphoneos*]" = "iPhone Developer";
				COPY_PHASE_STRIP = NO;
				DEBUG_INFORMATION_FORMAT = dwarf;
				ENABLE_STRICT_OBJC_MSGSEND = YES;
				ENABLE_TESTABILITY = YES;
				GCC_C_LANGUAGE_STANDARD = gnu99;
				GCC_DYNAMIC_NO_PIC = NO;
				GCC_NO_COMMON_BLOCKS = YES;
				GCC_OPTIMIZATION_LEVEL = 0;
				GCC_PREPROCESSOR_DEFINITIONS = (
					"DEBUG=1",
					"$(inherited)",
				);
				GCC_WARN_64_TO_32_BIT_CONVERSION = YES;
				GCC_WARN_ABOUT_RETURN_TYPE = YES_ERROR;
				GCC_WARN_UNDECLARED_SELECTOR = YES;
				GCC_WARN_UNINITIALIZED_AUTOS = YES_AGGRESSIVE;
				GCC_WARN_UNUSED_FUNCTION = YES;
				GCC_WARN_UNUSED_VARIABLE = YES;
				IPHONEOS_DEPLOYMENT_TARGET = 9.2;
				MTL_ENABLE_DEBUG_INFO = YES;
				ONLY_ACTIVE_ARCH = YES;
				SDKROOT = iphoneos;
				TARGETED_DEVICE_FAMILY = "1,2";
			};
			name = Debug;
		};
		67A1203D1C3F59A80035CFCD /* Release */ = {
			isa = XCBuildConfiguration;
			buildSettings = {
				ALWAYS_SEARCH_USER_PATHS = NO;
				CLANG_CXX_LANGUAGE_STANDARD = "gnu++0x";
				CLANG_CXX_LIBRARY = "libc++";
				CLANG_ENABLE_MODULES = YES;
				CLANG_ENABLE_OBJC_ARC = YES;
				CLANG_WARN_BOOL_CONVERSION = YES;
				CLANG_WARN_CONSTANT_CONVERSION = YES;
				CLANG_WARN_DIRECT_OBJC_ISA_USAGE = YES_ERROR;
				CLANG_WARN_EMPTY_BODY = YES;
				CLANG_WARN_ENUM_CONVERSION = YES;
				CLANG_WARN_INT_CONVERSION = YES;
				CLANG_WARN_OBJC_ROOT_CLASS = YES_ERROR;
				CLANG_WARN_UNREACHABLE_CODE = YES;
				CLANG_WARN__DUPLICATE_METHOD_MATCH = YES;
				"CODE_SIGN_IDENTITY[sdk=iphoneos*]" = "iPhone Developer";
				COPY_PHASE_STRIP = NO;
				DEBUG_INFORMATION_FORMAT = "dwarf-with-dsym";
				ENABLE_NS_ASSERTIONS = NO;
				ENABLE_STRICT_OBJC_MSGSEND = YES;
				GCC_C_LANGUAGE_STANDARD = gnu99;
				GCC_NO_COMMON_BLOCKS = YES;
				GCC_WARN_64_TO_32_BIT_CONVERSION = YES;
				GCC_WARN_ABOUT_RETURN_TYPE = YES_ERROR;
				GCC_WARN_UNDECLARED_SELECTOR = YES;
				GCC_WARN_UNINITIALIZED_AUTOS = YES_AGGRESSIVE;
				GCC_WARN_UNUSED_FUNCTION = YES;
				GCC_WARN_UNUSED_VARIABLE = YES;
				IPHONEOS_DEPLOYMENT_TARGET = 9.2;
				MTL_ENABLE_DEBUG_INFO = NO;
				SDKROOT = iphoneos;
				TARGETED_DEVICE_FAMILY = "1,2";
				VALIDATE_PRODUCT = YES;
			};
			name = Release;
		};
		67A1203F1C3F59A80035CFCD /* Debug */ = {
			isa = XCBuildConfiguration;
			buildSettings = {
				ASSETCATALOG_COMPILER_APPICON_NAME = AppIcon;
				INFOPLIST_FILE = ZHQDemo/Info.plist;
				LD_RUNPATH_SEARCH_PATHS = "$(inherited) @executable_path/Frameworks";
				PRODUCT_BUNDLE_IDENTIFIER = ZHC.ZHQDemo;
				PRODUCT_NAME = "$(TARGET_NAME)";
			};
			name = Debug;
		};
		67A120401C3F59A80035CFCD /* Release */ = {
			isa = XCBuildConfiguration;
			buildSettings = {
				ASSETCATALOG_COMPILER_APPICON_NAME = AppIcon;
				INFOPLIST_FILE = ZHQDemo/Info.plist;
				LD_RUNPATH_SEARCH_PATHS = "$(inherited) @executable_path/Frameworks";
				PRODUCT_BUNDLE_IDENTIFIER = ZHC.ZHQDemo;
				PRODUCT_NAME = "$(TARGET_NAME)";
			};
			name = Release;
		};
		67A120421C3F59A80035CFCD /* Debug */ = {
			isa = XCBuildConfiguration;
			buildSettings = {
				BUNDLE_LOADER = "$(TEST_HOST)";
				INFOPLIST_FILE = ZHQDemoTests/Info.plist;
				LD_RUNPATH_SEARCH_PATHS = "$(inherited) @executable_path/Frameworks @loader_path/Frameworks";
				PRODUCT_BUNDLE_IDENTIFIER = ZHC.ZHQDemoTests;
				PRODUCT_NAME = "$(TARGET_NAME)";
				TEST_HOST = "$(BUILT_PRODUCTS_DIR)/ZHQDemo.app/ZHQDemo";
			};
			name = Debug;
		};
		67A120431C3F59A80035CFCD /* Release */ = {
			isa = XCBuildConfiguration;
			buildSettings = {
				BUNDLE_LOADER = "$(TEST_HOST)";
				INFOPLIST_FILE = ZHQDemoTests/Info.plist;
				LD_RUNPATH_SEARCH_PATHS = "$(inherited) @executable_path/Frameworks @loader_path/Frameworks";
				PRODUCT_BUNDLE_IDENTIFIER = ZHC.ZHQDemoTests;
				PRODUCT_NAME = "$(TARGET_NAME)";
				TEST_HOST = "$(BUILT_PRODUCTS_DIR)/ZHQDemo.app/ZHQDemo";
			};
			name = Release;
		};
		67A120451C3F59A80035CFCD /* Debug */ = {
			isa = XCBuildConfiguration;
			buildSettings = {
				INFOPLIST_FILE = ZHQDemoUITests/Info.plist;
				LD_RUNPATH_SEARCH_PATHS = "$(inherited) @executable_path/Frameworks @loader_path/Frameworks";
				PRODUCT_BUNDLE_IDENTIFIER = ZHC.ZHQDemoUITests;
				PRODUCT_NAME = "$(TARGET_NAME)";
				TEST_TARGET_NAME = ZHQDemo;
				USES_XCTRUNNER = YES;
			};
			name = Debug;
		};
		67A120461C3F59A80035CFCD /* Release */ = {
			isa = XCBuildConfiguration;
			buildSettings = {
				INFOPLIST_FILE = ZHQDemoUITests/Info.plist;
				LD_RUNPATH_SEARCH_PATHS = "$(inherited) @executable_path/Frameworks @loader_path/Frameworks";
				PRODUCT_BUNDLE_IDENTIFIER = ZHC.ZHQDemoUITests;
				PRODUCT_NAME = "$(TARGET_NAME)";
				TEST_TARGET_NAME = ZHQDemo;
				USES_XCTRUNNER = YES;
			};
			name = Release;
		};
/* End XCBuildConfiguration section */

/* Begin XCConfigurationList section */
		67A1200C1C3F59A80035CFCD /* Build configuration list for PBXProject "ZHQDemo" */ = {
			isa = XCConfigurationList;
			buildConfigurations = (
				67A1203C1C3F59A80035CFCD /* Debug */,
				67A1203D1C3F59A80035CFCD /* Release */,
			);
			defaultConfigurationIsVisible = 0;
			defaultConfigurationName = Release;
		};
		67A1203E1C3F59A80035CFCD /* Build configuration list for PBXNativeTarget "ZHQDemo" */ = {
			isa = XCConfigurationList;
			buildConfigurations = (
				67A1203F1C3F59A80035CFCD /* Debug */,
				67A120401C3F59A80035CFCD /* Release */,
			);
			defaultConfigurationIsVisible = 0;
		};
		67A120411C3F59A80035CFCD /* Build configuration list for PBXNativeTarget "ZHQDemoTests" */ = {
			isa = XCConfigurationList;
			buildConfigurations = (
				67A120421C3F59A80035CFCD /* Debug */,
				67A120431C3F59A80035CFCD /* Release */,
			);
			defaultConfigurationIsVisible = 0;
		};
		67A120441C3F59A80035CFCD /* Build configuration list for PBXNativeTarget "ZHQDemoUITests" */ = {
			isa = XCConfigurationList;
			buildConfigurations = (
				67A120451C3F59A80035CFCD /* Debug */,
				67A120461C3F59A80035CFCD /* Release */,
			);
			defaultConfigurationIsVisible = 0;
		};
/* End XCConfigurationList section */
	};
	rootObject = 67A120091C3F59A80035CFCD /* Project object */;
}
